golang.org/x/sys v0.39.0 h1:CvCKL8MeisomCi6qNZ+wbb0DN9E5AATixKsvNtMoMFk=
golang.org/x/sys v0.39.0/go.mod h1:OgkHotnGiDImocRcuBABYBEXf8A9a87e/uXjp9XT3ks=
kernel.org/pub/linux/libs/security/libcap/psx v1.2.77 h1:Z06sMOzc0GNCwp6efaVrIrz4ywGJ1v+DP0pjVkOfDuA=
kernel.org/pub/linux/libs/security/libcap/psx v1.2.77/go.mod h1:+l6Ee2F59XiJ2I6WR5ObpC1utCQJZ/VLsEbQCD8RG24=
