golang.org/x/sys v0.0.0-20210823070655-63515b42dcdf h1:2ucpDCmfkl8Bd/FsLtiD653Wf96cW37s+iGx93zsu4k=
golang.org/x/sys v0.0.0-20210823070655-63515b42dcdf/go.mod h1:oPkhp1MJrh7nUepCBck5+mAzfO9JrbApNNgaTdGDITg=
kernel.org/pub/linux/libs/security/libcap/psx v1.2.51 h1:VXVXjnTUsA9zeHIolNb6moSXZavDe1pD8Q0lPXZEOwc=
kernel.org/pub/linux/libs/security/libcap/psx v1.2.51/go.mod h1:+l6Ee2F59XiJ2I6WR5ObpC1utCQJZ/VLsEbQCD8RG24=
